
Microsoft Visual Studio Solution File, Format Version 12.00
# Visual Studio Version 17
VisualStudioVersion = 17.11.35222.181
MinimumVisualStudioVersion = 10.0.40219.1
Project("{FAE04EC0-301F-11D3-BF4B-00C04F79EFBC}") = "UserManegementDLL", "UserManegementDLL\UserManegementDLL.csproj", "{F52EAB34-17E0-4CAE-A068-2B40AEBDCB1D}"
EndProject
Project("{FAE04EC0-301F-11D3-BF4B-00C04F79EFBC}") = "UserManegementDLL.UnitTests", "UserManegementDLL.UnitTests\UserManegementDLL.UnitTests.csproj", "{20CEACEA-2D4E-4207-A05F-AD268414A376}"
EndProject
Global
	GlobalSection(SolutionConfigurationPlatforms) = preSolution
		Debug|Any CPU = Debug|Any CPU
		Release|Any CPU = Release|Any CPU
	EndGlobalSection
	GlobalSection(ProjectConfigurationPlatforms) = postSolution
		{F52EAB34-17E0-4CAE-A068-2B40AEBDCB1D}.Debug|Any CPU.ActiveCfg = Debug|Any CPU
		{F52EAB34-17E0-4CAE-A068-2B40AEBDCB1D}.Debug|Any CPU.Build.0 = Debug|Any CPU
		{F52EAB34-17E0-4CAE-A068-2B40AEBDCB1D}.Release|Any CPU.ActiveCfg = Release|Any CPU
		{F52EAB34-17E0-4CAE-A068-2B40AEBDCB1D}.Release|Any CPU.Build.0 = Release|Any CPU
		{20CEACEA-2D4E-4207-A05F-AD268414A376}.Debug|Any CPU.ActiveCfg = Debug|Any CPU
		{20CEACEA-2D4E-4207-A05F-AD268414A376}.Debug|Any CPU.Build.0 = Debug|Any CPU
		{20CEACEA-2D4E-4207-A05F-AD268414A376}.Release|Any CPU.ActiveCfg = Release|Any CPU
		{20CEACEA-2D4E-4207-A05F-AD268414A376}.Release|Any CPU.Build.0 = Release|Any CPU
	EndGlobalSection
	GlobalSection(SolutionProperties) = preSolution
		HideSolutionNode = FALSE
	EndGlobalSection
	GlobalSection(ExtensibilityGlobals) = postSolution
		SolutionGuid = {00FA3756-8B95-4593-8558-5E6B1BA15848}
	EndGlobalSection
EndGlobal
